
Microsoft Visual Studio Solution File, Format Version 12.00
# Visual Studio Version 16
VisualStudioVersion = 16.0.30503.244
MinimumVisualStudioVersion = 10.0.40219.1
Project("{FAE04EC0-301F-11D3-BF4B-00C04F79EFBC}") = "APIagreda", "APIagreda\APIagreda.csproj", "{BF72B9E0-7292-4383-89DA-95E869C26A95}"
EndProject
Global
	GlobalSection(SolutionConfigurationPlatforms) = preSolution
		Debug|Any CPU = Debug|Any CPU
		Release|Any CPU = Release|Any CPU
	EndGlobalSection
	GlobalSection(ProjectConfigurationPlatforms) = postSolution
		{BF72B9E0-7292-4383-89DA-95E869C26A95}.Debug|Any CPU.ActiveCfg = Debug|Any CPU
		{BF72B9E0-7292-4383-89DA-95E869C26A95}.Debug|Any CPU.Build.0 = Debug|Any CPU
		{BF72B9E0-7292-4383-89DA-95E869C26A95}.Release|Any CPU.ActiveCfg = Release|Any CPU
		{BF72B9E0-7292-4383-89DA-95E869C26A95}.Release|Any CPU.Build.0 = Release|Any CPU
	EndGlobalSection
	GlobalSection(SolutionProperties) = preSolution
		HideSolutionNode = FALSE
	EndGlobalSection
	GlobalSection(ExtensibilityGlobals) = postSolution
		SolutionGuid = {8A2B80FA-67E9-443E-8E66-2B24BB5187AB}
	EndGlobalSection
EndGlobal
